// !$*UTF8*$!
{
	archiveVersion = 1;
	classes = {
	};
	objectVersion = 46;
	objects = {

/* Begin PBXBuildFile section */
		1334A7461886512600032396 /* Foundation.framework in Frameworks */ = {isa = PBXBuildFile; fileRef = 1334A7451886512600032396 /* Foundation.framework */; };
		1334A7481886512600032396 /* CoreGraphics.framework in Frameworks */ = {isa = PBXBuildFile; fileRef = 1334A7471886512600032396 /* CoreGraphics.framework */; };
		1334A74A1886512600032396 /* UIKit.framework in Frameworks */ = {isa = PBXBuildFile; fileRef = 1334A7491886512600032396 /* UIKit.framework */; };
		1334A7501886512600032396 /* InfoPlist.strings in Resources */ = {isa = PBXBuildFile; fileRef = 1334A74E1886512600032396 /* InfoPlist.strings */; };
		1334A7521886512600032396 /* main.m in Sources */ = {isa = PBXBuildFile; fileRef = 1334A7511886512600032396 /* main.m */; };
		1334A7561886512600032396 /* AppDelegate.m in Sources */ = {isa = PBXBuildFile; fileRef = 1334A7551886512600032396 /* AppDelegate.m */; };
		1334A7591886512600032396 /* Main.storyboard in Resources */ = {isa = PBXBuildFile; fileRef = 1334A7571886512600032396 /* Main.storyboard */; };
		1334A75C1886512600032396 /* ViewController.m in Sources */ = {isa = PBXBuildFile; fileRef = 1334A75B1886512600032396 /* ViewController.m */; };
		1334A75E1886512600032396 /* Images.xcassets in Resources */ = {isa = PBXBuildFile; fileRef = 1334A75D1886512600032396 /* Images.xcassets */; };
		1334A7651886512600032396 /* XCTest.framework in Frameworks */ = {isa = PBXBuildFile; fileRef = 1334A7641886512600032396 /* XCTest.framework */; };
		1334A7661886512600032396 /* Foundation.framework in Frameworks */ = {isa = PBXBuildFile; fileRef = 1334A7451886512600032396 /* Foundation.framework */; };
		1334A7671886512600032396 /* UIKit.framework in Frameworks */ = {isa = PBXBuildFile; fileRef = 1334A7491886512600032396 /* UIKit.framework */; };
		1334A76F1886512600032396 /* InfoPlist.strings in Resources */ = {isa = PBXBuildFile; fileRef = 1334A76D1886512600032396 /* InfoPlist.strings */; };
		1334A7711886512600032396 /* CoffeeOrderTests.m in Sources */ = {isa = PBXBuildFile; fileRef = 1334A7701886512600032396 /* CoffeeOrderTests.m */; };
/* End PBXBuildFile section */

/* Begin PBXContainerItemProxy section */
		1334A7681886512600032396 /* PBXContainerItemProxy */ = {
			isa = PBXContainerItemProxy;
			containerPortal = 1334A73A1886512600032396 /* Project object */;
			proxyType = 1;
			remoteGlobalIDString = 1334A7411886512600032396;
			remoteInfo = CoffeeOrder;
		};
/* End PBXContainerItemProxy section */

/* Begin PBXFileReference section */
		1334A7421886512600032396 /* CoffeeOrder.app */ = {isa = PBXFileReference; explicitFileType = wrapper.application; includeInIndex = 0; path = CoffeeOrder.app; sourceTree = BUILT_PRODUCTS_DIR; };
		1334A7451886512600032396 /* Foundation.framework */ = {isa = PBXFileReference; lastKnownFileType = wrapper.framework; name = Foundation.framework; path = System/Library/Frameworks/Foundation.framework; sourceTree = SDKROOT; };
		1334A7471886512600032396 /* CoreGraphics.framework */ = {isa = PBXFileReference; lastKnownFileType = wrapper.framework; name = CoreGraphics.framework; path = System/Library/Frameworks/CoreGraphics.framework; sourceTree = SDKROOT; };
		1334A7491886512600032396 /* UIKit.framework */ = {isa = PBXFileReference; lastKnownFileType = wrapper.framework; name = UIKit.framework; path = System/Library/Frameworks/UIKit.framework; sourceTree = SDKROOT; };
		1334A74D1886512600032396 /* CoffeeOrder-Info.plist */ = {isa = PBXFileReference; lastKnownFileType = text.plist.xml; path = "CoffeeOrder-Info.plist"; sourceTree = "<group>"; };
		1334A74F1886512600032396 /* en */ = {isa = PBXFileReference; lastKnownFileType = text.plist.strings; name = en; path = en.lproj/InfoPlist.strings; sourceTree = "<group>"; };
		1334A7511886512600032396 /* main.m */ = {isa = PBXFileReference; lastKnownFileType = sourcecode.c.objc; path = main.m; sourceTree = "<group>"; };
		1334A7531886512600032396 /* CoffeeOrder-Prefix.pch */ = {isa = PBXFileReference; lastKnownFileType = sourcecode.c.h; path = "CoffeeOrder-Prefix.pch"; sourceTree = "<group>"; };
		1334A7541886512600032396 /* AppDelegate.h */ = {isa = PBXFileReference; lastKnownFileType = sourcecode.c.h; path = AppDelegate.h; sourceTree = "<group>"; };
		1334A7551886512600032396 /* AppDelegate.m */ = {isa = PBXFileReference; lastKnownFileType = sourcecode.c.objc; path = AppDelegate.m; sourceTree = "<group>"; };
		1334A7581886512600032396 /* Base */ = {isa = PBXFileReference; lastKnownFileType = file.storyboard; name = Base; path = Base.lproj/Main.storyboard; sourceTree = "<group>"; };
		1334A75A1886512600032396 /* ViewController.h */ = {isa = PBXFileReference; lastKnownFileType = sourcecode.c.h; path = ViewController.h; sourceTree = "<group>"; };
		1334A75B1886512600032396 /* ViewController.m */ = {isa = PBXFileReference; lastKnownFileType = sourcecode.c.objc; path = ViewController.m; sourceTree = "<group>"; };
		1334A75D1886512600032396 /* Images.xcassets */ = {isa = PBXFileReference; lastKnownFileType = folder.assetcatalog; path = Images.xcassets; sourceTree = "<group>"; };
		1334A7631886512600032396 /* CoffeeOrderTests.xctest */ = {isa = PBXFileReference; explicitFileType = wrapper.cfbundle; includeInIndex = 0; path = CoffeeOrderTests.xctest; sourceTree = BUILT_PRODUCTS_DIR; };
		1334A7641886512600032396 /* XCTest.framework */ = {isa = PBXFileReference; lastKnownFileType = wrapper.framework; name = XCTest.framework; path = Library/Frameworks/XCTest.framework; sourceTree = DEVELOPER_DIR; };
		1334A76C1886512600032396 /* CoffeeOrderTests-Info.plist */ = {isa = PBXFileReference; lastKnownFileType = text.plist.xml; path = "CoffeeOrderTests-Info.plist"; sourceTree = "<group>"; };
		1334A76E1886512600032396 /* en */ = {isa = PBXFileReference; lastKnownFileType = text.plist.strings; name = en; path = en.lproj/InfoPlist.strings; sourceTree = "<group>"; };
		1334A7701886512600032396 /* CoffeeOrderTests.m */ = {isa = PBXFileReference; lastKnownFileType = sourcecode.c.objc; path = CoffeeOrderTests.m; sourceTree = "<group>"; };
/* End PBXFileReference section */

/* Begin PBXFrameworksBuildPhase section */
		1334A73F1886512600032396 /* Frameworks */ = {
			isa = PBXFrameworksBuildPhase;
			buildActionMask = 2147483647;
			files = (
				1334A7481886512600032396 /* CoreGraphics.framework in Frameworks */,
				1334A74A1886512600032396 /* UIKit.framework in Frameworks */,
				1334A7461886512600032396 /* Foundation.framework in Frameworks */,
			);
			runOnlyForDeploymentPostprocessing = 0;
		};
		1334A7601886512600032396 /* Frameworks */ = {
			isa = PBXFrameworksBuildPhase;
			buildActionMask = 2147483647;
			files = (
				1334A7651886512600032396 /* XCTest.framework in Frameworks */,
				1334A7671886512600032396 /* UIKit.framework in Frameworks */,
				1334A7661886512600032396 /* Foundation.framework in Frameworks */,
			);
			runOnlyForDeploymentPostprocessing = 0;
		};
/* End PBXFrameworksBuildPhase section */

/* Begin PBXGroup section */
		1334A7391886512600032396 = {
			isa = PBXGroup;
			children = (
				1334A74B1886512600032396 /* CoffeeOrder */,
				1334A76A1886512600032396 /* CoffeeOrderTests */,
				1334A7441886512600032396 /* Frameworks */,
				1334A7431886512600032396 /* Products */,
			);
			sourceTree = "<group>";
		};
		1334A7431886512600032396 /* Products */ = {
			isa = PBXGroup;
			children = (
				1334A7421886512600032396 /* CoffeeOrder.app */,
				1334A7631886512600032396 /* CoffeeOrderTests.xctest */,
			);
			name = Products;
			sourceTree = "<group>";
		};
		1334A7441886512600032396 /* Frameworks */ = {
			isa = PBXGroup;
			children = (
				1334A7451886512600032396 /* Foundation.framework */,
				1334A7471886512600032396 /* CoreGraphics.framework */,
				1334A7491886512600032396 /* UIKit.framework */,
				1334A7641886512600032396 /* XCTest.framework */,
			);
			name = Frameworks;
			sourceTree = "<group>";
		};
		1334A74B1886512600032396 /* CoffeeOrder */ = {
			isa = PBXGroup;
			children = (
				1334A7541886512600032396 /* AppDelegate.h */,
				1334A7551886512600032396 /* AppDelegate.m */,
				1334A7571886512600032396 /* Main.storyboard */,
				1334A75A1886512600032396 /* ViewController.h */,
				1334A75B1886512600032396 /* ViewController.m */,
				1334A75D1886512600032396 /* Images.xcassets */,
				1334A74C1886512600032396 /* Supporting Files */,
			);
			path = CoffeeOrder;
			sourceTree = "<group>";
		};
		1334A74C1886512600032396 /* Supporting Files */ = {
			isa = PBXGroup;
			children = (
				1334A74D1886512600032396 /* CoffeeOrder-Info.plist */,
				1334A74E1886512600032396 /* InfoPlist.strings */,
				1334A7511886512600032396 /* main.m */,
				1334A7531886512600032396 /* CoffeeOrder-Prefix.pch */,
			);
			name = "Supporting Files";
			sourceTree = "<group>";
		};
		1334A76A1886512600032396 /* CoffeeOrderTests */ = {
			isa = PBXGroup;
			children = (
				1334A7701886512600032396 /* CoffeeOrderTests.m */,
				1334A76B1886512600032396 /* Supporting Files */,
			);
			path = CoffeeOrderTests;
			sourceTree = "<group>";
		};
		1334A76B1886512600032396 /* Supporting Files */ = {
			isa = PBXGroup;
			children = (
				1334A76C1886512600032396 /* CoffeeOrderTests-Info.plist */,
				1334A76D1886512600032396 /* InfoPlist.strings */,
			);
			name = "Supporting Files";
			sourceTree = "<group>";
		};
/* End PBXGroup section */

/* Begin PBXNativeTarget section */
		1334A7411886512600032396 /* CoffeeOrder */ = {
			isa = PBXNativeTarget;
			buildConfigurationList = 1334A7741886512600032396 /* Build configuration list for PBXNativeTarget "CoffeeOrder" */;
			buildPhases = (
				1334A73E1886512600032396 /* Sources */,
				1334A73F1886512600032396 /* Frameworks */,
				1334A7401886512600032396 /* Resources */,
			);
			buildRules = (
			);
			dependencies = (
			);
			name = CoffeeOrder;
			productName = CoffeeOrder;
			productReference = 1334A7421886512600032396 /* CoffeeOrder.app */;
			productType = "com.apple.product-type.application";
		};
		1334A7621886512600032396 /* CoffeeOrderTests */ = {
			isa = PBXNativeTarget;
			buildConfigurationList = 1334A7771886512600032396 /* Build configuration list for PBXNativeTarget "CoffeeOrderTests" */;
			buildPhases = (
				1334A75F1886512600032396 /* Sources */,
				1334A7601886512600032396 /* Frameworks */,
				1334A7611886512600032396 /* Resources */,
			);
			buildRules = (
			);
			dependencies = (
				1334A7691886512600032396 /* PBXTargetDependency */,
			);
			name = CoffeeOrderTests;
			productName = CoffeeOrderTests;
			productReference = 1334A7631886512600032396 /* CoffeeOrderTests.xctest */;
			productType = "com.apple.product-type.bundle.unit-test";
		};
/* End PBXNativeTarget section */

/* Begin PBXProject section */
		1334A73A1886512600032396 /* Project object */ = {
			isa = PBXProject;
			attributes = {
				LastUpgradeCheck = 0500;
				ORGANIZATIONNAME = T;
				TargetAttributes = {
					1334A7621886512600032396 = {
						TestTargetID = 1334A7411886512600032396;
					};
				};
			};
			buildConfigurationList = 1334A73D1886512600032396 /* Build configuration list for PBXProject "CoffeeOrder" */;
			compatibilityVersion = "Xcode 3.2";
			developmentRegion = English;
			hasScannedForEncodings = 0;
			knownRegions = (
				en,
				Base,
			);
			mainGroup = 1334A7391886512600032396;
			productRefGroup = 1334A7431886512600032396 /* Products */;
			projectDirPath = "";
			projectRoot = "";
			targets = (
				1334A7411886512600032396 /* CoffeeOrder */,
				1334A7621886512600032396 /* CoffeeOrderTests */,
			);
		};
/* End PBXProject section */

/* Begin PBXResourcesBuildPhase section */
		1334A7401886512600032396 /* Resources */ = {
			isa = PBXResourcesBuildPhase;
			buildActionMask = 2147483647;
			files = (
				1334A75E1886512600032396 /* Images.xcassets in Resources */,
				1334A7501886512600032396 /* InfoPlist.strings in Resources */,
				1334A7591886512600032396 /* Main.storyboard in Resources */,
			);
			runOnlyForDeploymentPostprocessing = 0;
		};
		1334A7611886512600032396 /* Resources */ = {
			isa = PBXResourcesBuildPhase;
			buildActionMask = 2147483647;
			files = (
				1334A76F1886512600032396 /* InfoPlist.strings in Resources */,
			);
			runOnlyForDeploymentPostprocessing = 0;
		};
/* End PBXResourcesBuildPhase section */

/* Begin PBXSourcesBuildPhase section */
		1334A73E1886512600032396 /* Sources */ = {
			isa = PBXSourcesBuildPhase;
			buildActionMask = 2147483647;
			files = (
				1334A75C1886512600032396 /* ViewController.m in Sources */,
				1334A7561886512600032396 /* AppDelegate.m in Sources */,
				1334A7521886512600032396 /* main.m in Sources */,
			);
			runOnlyForDeploymentPostprocessing = 0;
		};
		1334A75F1886512600032396 /* Sources */ = {
			isa = PBXSourcesBuildPhase;
			buildActionMask = 2147483647;
			files = (
				1334A7711886512600032396 /* CoffeeOrderTests.m in Sources */,
			);
			runOnlyForDeploymentPostprocessing = 0;
		};
/* End PBXSourcesBuildPhase section */

/* Begin PBXTargetDependency section */
		1334A7691886512600032396 /* PBXTargetDependency */ = {
			isa = PBXTargetDependency;
			target = 1334A7411886512600032396 /* CoffeeOrder */;
			targetProxy = 1334A7681886512600032396 /* PBXContainerItemProxy */;
		};
/* End PBXTargetDependency section */

/* Begin PBXVariantGroup section */
		1334A74E1886512600032396 /* InfoPlist.strings */ = {
			isa = PBXVariantGroup;
			children = (
				1334A74F1886512600032396 /* en */,
			);
			name = InfoPlist.strings;
			sourceTree = "<group>";
		};
		1334A7571886512600032396 /* Main.storyboard */ = {
			isa = PBXVariantGroup;
			children = (
				1334A7581886512600032396 /* Base */,
			);
			name = Main.storyboard;
			sourceTree = "<group>";
		};
		1334A76D1886512600032396 /* InfoPlist.strings */ = {
			isa = PBXVariantGroup;
			children = (
				1334A76E1886512600032396 /* en */,
			);
			name = InfoPlist.strings;
			sourceTree = "<group>";
		};
/* End PBXVariantGroup section */

/* Begin XCBuildConfiguration section */
		1334A7721886512600032396 /* Debug */ = {
			isa = XCBuildConfiguration;
			buildSettings = {
				ALWAYS_SEARCH_USER_PATHS = NO;
				ARCHS = "$(ARCHS_STANDARD_INCLUDING_64_BIT)";
				CLANG_CXX_LANGUAGE_STANDARD = "gnu++0x";
				CLANG_CXX_LIBRARY = "libc++";
				CLANG_ENABLE_MODULES = YES;
				CLANG_ENABLE_OBJC_ARC = YES;
				CLANG_WARN_BOOL_CONVERSION = YES;
				CLANG_WARN_CONSTANT_CONVERSION = YES;
				CLANG_WARN_DIRECT_OBJC_ISA_USAGE = YES_ERROR;
				CLANG_WARN_EMPTY_BODY = YES;
				CLANG_WARN_ENUM_CONVERSION = YES;
				CLANG_WARN_INT_CONVERSION = YES;
				CLANG_WARN_OBJC_ROOT_CLASS = YES_ERROR;
				CLANG_WARN__DUPLICATE_METHOD_MATCH = YES;
				"CODE_SIGN_IDENTITY[sdk=iphoneos*]" = "iPhone Developer";
				COPY_PHASE_STRIP = NO;
				GCC_C_LANGUAGE_STANDARD = gnu99;
				GCC_DYNAMIC_NO_PIC = NO;
				GCC_OPTIMIZATION_LEVEL = 0;
				GCC_PREPROCESSOR_DEFINITIONS = (
					"DEBUG=1",
					"$(inherited)",
				);
				GCC_SYMBOLS_PRIVATE_EXTERN = NO;
				GCC_WARN_64_TO_32_BIT_CONVERSION = YES;
				GCC_WARN_ABOUT_RETURN_TYPE = YES_ERROR;
				GCC_WARN_UNDECLARED_SELECTOR = YES;
				GCC_WARN_UNINITIALIZED_AUTOS = YES;
				GCC_WARN_UNUSED_FUNCTION = YES;
				GCC_WARN_UNUSED_VARIABLE = YES;
				IPHONEOS_DEPLOYMENT_TARGET = 7.0;
				ONLY_ACTIVE_ARCH = YES;
				SDKROOT = iphoneos;
			};
			name = Debug;
		};
		1334A7731886512600032396 /* Release */ = {
			isa = XCBuildConfiguration;
			buildSettings = {
				ALWAYS_SEARCH_USER_PATHS = NO;
				ARCHS = "$(ARCHS_STANDARD_INCLUDING_64_BIT)";
				CLANG_CXX_LANGUAGE_STANDARD = "gnu++0x";
				CLANG_CXX_LIBRARY = "libc++";
				CLANG_ENABLE_MODULES = YES;
				CLANG_ENABLE_OBJC_ARC = YES;
				CLANG_WARN_BOOL_CONVERSION = YES;
				CLANG_WARN_CONSTANT_CONVERSION = YES;
				CLANG_WARN_DIRECT_OBJC_ISA_USAGE = YES_ERROR;
				CLANG_WARN_EMPTY_BODY = YES;
				CLANG_WARN_ENUM_CONVERSION = YES;
				CLANG_WARN_INT_CONVERSION = YES;
				CLANG_WARN_OBJC_ROOT_CLASS = YES_ERROR;
				CLANG_WARN__DUPLICATE_METHOD_MATCH = YES;
				"CODE_SIGN_IDENTITY[sdk=iphoneos*]" = "iPhone Developer";
				COPY_PHASE_STRIP = YES;
				ENABLE_NS_ASSERTIONS = NO;
				GCC_C_LANGUAGE_STANDARD = gnu99;
				GCC_WARN_64_TO_32_BIT_CONVERSION = YES;
				GCC_WARN_ABOUT_RETURN_TYPE = YES_ERROR;
				GCC_WARN_UNDECLARED_SELECTOR = YES;
				GCC_WARN_UNINITIALIZED_AUTOS = YES;
				GCC_WARN_UNUSED_FUNCTION = YES;
				GCC_WARN_UNUSED_VARIABLE = YES;
				IPHONEOS_DEPLOYMENT_TARGET = 7.0;
				SDKROOT = iphoneos;
				VALIDATE_PRODUCT = YES;
			};
			name = Release;
		};
		1334A7751886512600032396 /* Debug */ = {
			isa = XCBuildConfiguration;
			buildSettings = {
				ASSETCATALOG_COMPILER_APPICON_NAME = AppIcon;
				ASSETCATALOG_COMPILER_LAUNCHIMAGE_NAME = LaunchImage;
				GCC_PRECOMPILE_PREFIX_HEADER = YES;
				GCC_PREFIX_HEADER = "CoffeeOrder/CoffeeOrder-Prefix.pch";
				INFOPLIST_FILE = "CoffeeOrder/CoffeeOrder-Info.plist";
				PRODUCT_NAME = "$(TARGET_NAME)";
				WRAPPER_EXTENSION = app;
			};
			name = Debug;
		};
		1334A7761886512600032396 /* Release */ = {
			isa = XCBuildConfiguration;
			buildSettings = {
				ASSETCATALOG_COMPILER_APPICON_NAME = AppIcon;
				ASSETCATALOG_COMPILER_LAUNCHIMAGE_NAME = LaunchImage;
				GCC_PRECOMPILE_PREFIX_HEADER = YES;
				GCC_PREFIX_HEADER = "CoffeeOrder/CoffeeOrder-Prefix.pch";
				INFOPLIST_FILE = "CoffeeOrder/CoffeeOrder-Info.plist";
				PRODUCT_NAME = "$(TARGET_NAME)";
				WRAPPER_EXTENSION = app;
			};
			name = Release;
		};
		1334A7781886512600032396 /* Debug */ = {
			isa = XCBuildConfiguration;
			buildSettings = {
				ARCHS = "$(ARCHS_STANDARD_INCLUDING_64_BIT)";
				BUNDLE_LOADER = "$(BUILT_PRODUCTS_DIR)/CoffeeOrder.app/CoffeeOrder";
				FRAMEWORK_SEARCH_PATHS = (
					"$(SDKROOT)/Developer/Library/Frameworks",
					"$(inherited)",
					"$(DEVELOPER_FRAMEWORKS_DIR)",
				);
				GCC_PRECOMPILE_PREFIX_HEADER = YES;
				GCC_PREFIX_HEADER = "CoffeeOrder/CoffeeOrder-Prefix.pch";
				GCC_PREPROCESSOR_DEFINITIONS = (
					"DEBUG=1",
					"$(inherited)",
				);
				INFOPLIST_FILE = "CoffeeOrderTests/CoffeeOrderTests-Info.plist";
				PRODUCT_NAME = "$(TARGET_NAME)";
				TEST_HOST = "$(BUNDLE_LOADER)";
				WRAPPER_EXTENSION = xctest;
			};
			name = Debug;
		};
		1334A7791886512600032396 /* Release */ = {
			isa = XCBuildConfiguration;
			buildSettings = {
				ARCHS = "$(ARCHS_STANDARD_INCLUDING_64_BIT)";
				BUNDLE_LOADER = "$(BUILT_PRODUCTS_DIR)/CoffeeOrder.app/CoffeeOrder";
				FRAMEWORK_SEARCH_PATHS = (
					"$(SDKROOT)/Developer/Library/Frameworks",
					"$(inherited)",
					"$(DEVELOPER_FRAMEWORKS_DIR)",
				);
				GCC_PRECOMPILE_PREFIX_HEADER = YES;
				GCC_PREFIX_HEADER = "CoffeeOrder/CoffeeOrder-Prefix.pch";
				INFOPLIST_FILE = "CoffeeOrderTests/CoffeeOrderTests-Info.plist";
				PRODUCT_NAME = "$(TARGET_NAME)";
				TEST_HOST = "$(BUNDLE_LOADER)";
				WRAPPER_EXTENSION = xctest;
			};
			name = Release;
		};
/* End XCBuildConfiguration section */

/* Begin XCConfigurationList section */
		1334A73D1886512600032396 /* Build configuration list for PBXProject "CoffeeOrder" */ = {
			isa = XCConfigurationList;
			buildConfigurations = (
				1334A7721886512600032396 /* Debug */,
				1334A7731886512600032396 /* Release */,
			);
			defaultConfigurationIsVisible = 0;
			defaultConfigurationName = Release;
		};
		1334A7741886512600032396 /* Build configuration list for PBXNativeTarget "CoffeeOrder" */ = {
			isa = XCConfigurationList;
			buildConfigurations = (
				1334A7751886512600032396 /* Debug */,
				1334A7761886512600032396 /* Release */,
			);
			defaultConfigurationIsVisible = 0;
		};
		1334A7771886512600032396 /* Build configuration list for PBXNativeTarget "CoffeeOrderTests" */ = {
			isa = XCConfigurationList;
			buildConfigurations = (
				1334A7781886512600032396 /* Debug */,
				1334A7791886512600032396 /* Release */,
			);
			defaultConfigurationIsVisible = 0;
		};
/* End XCConfigurationList section */
	};
	rootObject = 1334A73A1886512600032396 /* Project object */;
}
